
Microsoft Visual Studio Solution File, Format Version 12.00
# Visual Studio 15
VisualStudioVersion = 15.0.28307.779
MinimumVisualStudioVersion = 10.0.40219.1
Project("{FAE04EC0-301F-11D3-BF4B-00C04F79EFBC}") = "ConfigureServiceExample", "ConfigureServiceExample\ConfigureServiceExample.csproj", "{4007D11A-C9B9-4458-B8B2-3033C9A47732}"
EndProject
Global
	GlobalSection(SolutionConfigurationPlatforms) = preSolution
		Debug|Any CPU = Debug|Any CPU
		Release|Any CPU = Release|Any CPU
	EndGlobalSection
	GlobalSection(ProjectConfigurationPlatforms) = postSolution
		{4007D11A-C9B9-4458-B8B2-3033C9A47732}.Debug|Any CPU.ActiveCfg = Debug|Any CPU
		{4007D11A-C9B9-4458-B8B2-3033C9A47732}.Debug|Any CPU.Build.0 = Debug|Any CPU
		{4007D11A-C9B9-4458-B8B2-3033C9A47732}.Release|Any CPU.ActiveCfg = Release|Any CPU
		{4007D11A-C9B9-4458-B8B2-3033C9A47732}.Release|Any CPU.Build.0 = Release|Any CPU
	EndGlobalSection
	GlobalSection(SolutionProperties) = preSolution
		HideSolutionNode = FALSE
	EndGlobalSection
	GlobalSection(ExtensibilityGlobals) = postSolution
		SolutionGuid = {2A628B23-5013-4647-AB4B-A20F0B56DEE8}
	EndGlobalSection
EndGlobal
