
Microsoft Visual Studio Solution File, Format Version 12.00
# Visual Studio 15
VisualStudioVersion = 15.0.28307.572
MinimumVisualStudioVersion = 10.0.40219.1
Project("{FAE04EC0-301F-11D3-BF4B-00C04F79EFBC}") = "ActorsRazorPage", "ActorsRazorPage\ActorsRazorPage.csproj", "{5D63B986-0057-4B2A-A32E-0F4DDDDFA4D4}"
EndProject
Global
	GlobalSection(SolutionConfigurationPlatforms) = preSolution
		Debug|Any CPU = Debug|Any CPU
		Release|Any CPU = Release|Any CPU
	EndGlobalSection
	GlobalSection(ProjectConfigurationPlatforms) = postSolution
		{5D63B986-0057-4B2A-A32E-0F4DDDDFA4D4}.Debug|Any CPU.ActiveCfg = Debug|Any CPU
		{5D63B986-0057-4B2A-A32E-0F4DDDDFA4D4}.Debug|Any CPU.Build.0 = Debug|Any CPU
		{5D63B986-0057-4B2A-A32E-0F4DDDDFA4D4}.Release|Any CPU.ActiveCfg = Release|Any CPU
		{5D63B986-0057-4B2A-A32E-0F4DDDDFA4D4}.Release|Any CPU.Build.0 = Release|Any CPU
	EndGlobalSection
	GlobalSection(SolutionProperties) = preSolution
		HideSolutionNode = FALSE
	EndGlobalSection
	GlobalSection(ExtensibilityGlobals) = postSolution
		SolutionGuid = {F1FFE159-FA6B-40A6-9AF1-97D7CD932963}
	EndGlobalSection
EndGlobal
